
Microsoft Visual Studio Solution File, Format Version 12.00
# Visual Studio 15
VisualStudioVersion = 15.0.28307.102
MinimumVisualStudioVersion = 10.0.40219.1
Project("{8BC9CEB8-8B4A-11D0-8D11-00A0C91BC942}") = "SelfOne", "SelfOne\SelfOne.vcxproj", "{104056F6-FEA7-4C41-AAD7-0F66400742C1}"
EndProject
Project("{8BC9CEB8-8B4A-11D0-8D11-00A0C91BC942}") = "DecToBin", "DecToBin\DecToBin.vcxproj", "{6219D160-3669-4E26-91BE-2FEEBC6391AC}"
EndProject
Project("{8BC9CEB8-8B4A-11D0-8D11-00A0C91BC942}") = "Task3", "Task3\Task3.vcxproj", "{7ADD3955-5824-444A-9B56-97A4A7C06839}"
EndProject
Project("{8BC9CEB8-8B4A-11D0-8D11-00A0C91BC942}") = "task4", "task4\task4.vcxproj", "{A41B1820-79E5-4227-A82E-0DDCEEF49219}"
EndProject
Project("{8BC9CEB8-8B4A-11D0-8D11-00A0C91BC942}") = "Task5", "Task5\Task5.vcxproj", "{317C523F-3C8D-4217-90E8-46FF142BE9DA}"
EndProject
Project("{8BC9CEB8-8B4A-11D0-8D11-00A0C91BC942}") = "Task7", "Task7\Task7.vcxproj", "{946B6E07-E246-4F8A-A8A1-5BA577616E8F}"
EndProject
Project("{8BC9CEB8-8B4A-11D0-8D11-00A0C91BC942}") = "Task6", "Task6\Task6.vcxproj", "{12D6508E-4EA1-4CC9-A7EE-8EB100E22D2B}"
EndProject
Project("{8BC9CEB8-8B4A-11D0-8D11-00A0C91BC942}") = "Task7_1", "Task7_1\Task7_1.vcxproj", "{8C58DFB7-13D0-4905-BA6D-C86060241E6B}"
EndProject
Project("{8BC9CEB8-8B4A-11D0-8D11-00A0C91BC942}") = "Task7_2", "Task7_2\Task7_2.vcxproj", "{204D51DC-CB5D-4BF0-94F4-07F7CD6B489A}"
EndProject
Project("{8BC9CEB8-8B4A-11D0-8D11-00A0C91BC942}") = "Task7_3", "Task7_3\Task7_3.vcxproj", "{7ACA60DB-F6CC-4043-B30D-D7D0733892D2}"
EndProject
Project("{8BC9CEB8-8B4A-11D0-8D11-00A0C91BC942}") = "Task7_4", "Task7_4\Task7_4.vcxproj", "{646F1E24-4304-4F75-B011-153A92AC85CD}"
EndProject
Project("{8BC9CEB8-8B4A-11D0-8D11-00A0C91BC942}") = "Task7_5", "Task7_5\Task7_5.vcxproj", "{9397207F-0698-444F-BD39-D7151F02F308}"
EndProject
Project("{8BC9CEB8-8B4A-11D0-8D11-00A0C91BC942}") = "Task7_6", "Task7_6\Task7_6.vcxproj", "{303664C5-329F-45C5-AAB2-F3121AEEBD81}"
EndProject
Project("{8BC9CEB8-8B4A-11D0-8D11-00A0C91BC942}") = "Task7_7", "Task7_7\Task7_7.vcxproj", "{0743F9E7-223A-4515-BCC7-9279B9BF7799}"
EndProject
Project("{8BC9CEB8-8B4A-11D0-8D11-00A0C91BC942}") = "Task7_8", "Task7_8\Task7_8.vcxproj", "{43ACF816-7BD1-4B23-8C7F-DE9C93E89E1D}"
EndProject
Project("{8BC9CEB8-8B4A-11D0-8D11-00A0C91BC942}") = "Task9", "Task9\Task9.vcxproj", "{F93BACF1-D04D-4CF7-8276-05CC2E4D22FF}"
EndProject
Project("{8BC9CEB8-8B4A-11D0-8D11-00A0C91BC942}") = "Task9Bit", "Task9Bit\Task9Bit.vcxproj", "{47296FC5-94AB-4EB0-8570-0B5F7DC0D1E2}"
EndProject
Project("{8BC9CEB8-8B4A-11D0-8D11-00A0C91BC942}") = "Task10", "Task10\Task10.vcxproj", "{DA6A23A1-0B8B-4030-9B72-9324E593489F}"
EndProject
Project("{8BC9CEB8-8B4A-11D0-8D11-00A0C91BC942}") = "Task10Div", "Task10Div\Task10Div.vcxproj", "{8982C3B9-5A0F-491E-875C-B85713743946}"
EndProject
Project("{8BC9CEB8-8B4A-11D0-8D11-00A0C91BC942}") = "Task1Sign", "Task1Sign\Task1Sign.vcxproj", "{12714517-2C72-433F-88BA-24894E23CE93}"
EndProject
Project("{8BC9CEB8-8B4A-11D0-8D11-00A0C91BC942}") = "Task8", "Task8\Task8.vcxproj", "{45D1F11F-FF32-41C3-BA32-8F671DB9C9DE}"
EndProject
Project("{8BC9CEB8-8B4A-11D0-8D11-00A0C91BC942}") = "Task9In", "Task9In\Task9In.vcxproj", "{1A7AB5A9-E46F-4A30-BCEF-9CAC82BAE1F3}"
EndProject
Project("{8BC9CEB8-8B4A-11D0-8D11-00A0C91BC942}") = "Task10N", "Task10N\Task10N.vcxproj", "{0788806C-53F7-4A88-BAB4-D87E2B6A84CB}"
EndProject
Project("{8BC9CEB8-8B4A-11D0-8D11-00A0C91BC942}") = "Task10DivN", "Task10DivN\Task10DivN.vcxproj", "{05771A9C-E6EA-42AE-8178-3D22837556A3}"
EndProject
Global
	GlobalSection(SolutionConfigurationPlatforms) = preSolution
		Debug|Any CPU = Debug|Any CPU
		Debug|x64 = Debug|x64
		Debug|x86 = Debug|x86
		Release|Any CPU = Release|Any CPU
		Release|x64 = Release|x64
		Release|x86 = Release|x86
	EndGlobalSection
	GlobalSection(ProjectConfigurationPlatforms) = postSolution
		{104056F6-FEA7-4C41-AAD7-0F66400742C1}.Debug|Any CPU.ActiveCfg = Debug|Win32
		{104056F6-FEA7-4C41-AAD7-0F66400742C1}.Debug|x64.ActiveCfg = Debug|x64
		{104056F6-FEA7-4C41-AAD7-0F66400742C1}.Debug|x64.Build.0 = Debug|x64
		{104056F6-FEA7-4C41-AAD7-0F66400742C1}.Debug|x86.ActiveCfg = Debug|Win32
		{104056F6-FEA7-4C41-AAD7-0F66400742C1}.Debug|x86.Build.0 = Debug|Win32
		{104056F6-FEA7-4C41-AAD7-0F66400742C1}.Release|Any CPU.ActiveCfg = Release|Win32
		{104056F6-FEA7-4C41-AAD7-0F66400742C1}.Release|x64.ActiveCfg = Release|x64
		{104056F6-FEA7-4C41-AAD7-0F66400742C1}.Release|x64.Build.0 = Release|x64
		{104056F6-FEA7-4C41-AAD7-0F66400742C1}.Release|x86.ActiveCfg = Release|Win32
		{104056F6-FEA7-4C41-AAD7-0F66400742C1}.Release|x86.Build.0 = Release|Win32
		{6219D160-3669-4E26-91BE-2FEEBC6391AC}.Debug|Any CPU.ActiveCfg = Debug|Win32
		{6219D160-3669-4E26-91BE-2FEEBC6391AC}.Debug|x64.ActiveCfg = Debug|x64
		{6219D160-3669-4E26-91BE-2FEEBC6391AC}.Debug|x64.Build.0 = Debug|x64
		{6219D160-3669-4E26-91BE-2FEEBC6391AC}.Debug|x86.ActiveCfg = Debug|Win32
		{6219D160-3669-4E26-91BE-2FEEBC6391AC}.Debug|x86.Build.0 = Debug|Win32
		{6219D160-3669-4E26-91BE-2FEEBC6391AC}.Release|Any CPU.ActiveCfg = Release|Win32
		{6219D160-3669-4E26-91BE-2FEEBC6391AC}.Release|x64.ActiveCfg = Release|x64
		{6219D160-3669-4E26-91BE-2FEEBC6391AC}.Release|x64.Build.0 = Release|x64
		{6219D160-3669-4E26-91BE-2FEEBC6391AC}.Release|x86.ActiveCfg = Release|Win32
		{6219D160-3669-4E26-91BE-2FEEBC6391AC}.Release|x86.Build.0 = Release|Win32
		{7ADD3955-5824-444A-9B56-97A4A7C06839}.Debug|Any CPU.ActiveCfg = Debug|Win32
		{7ADD3955-5824-444A-9B56-97A4A7C06839}.Debug|x64.ActiveCfg = Debug|x64
		{7ADD3955-5824-444A-9B56-97A4A7C06839}.Debug|x64.Build.0 = Debug|x64
		{7ADD3955-5824-444A-9B56-97A4A7C06839}.Debug|x86.ActiveCfg = Debug|Win32
		{7ADD3955-5824-444A-9B56-97A4A7C06839}.Debug|x86.Build.0 = Debug|Win32
		{7ADD3955-5824-444A-9B56-97A4A7C06839}.Release|Any CPU.ActiveCfg = Release|Win32
		{7ADD3955-5824-444A-9B56-97A4A7C06839}.Release|x64.ActiveCfg = Release|x64
		{7ADD3955-5824-444A-9B56-97A4A7C06839}.Release|x64.Build.0 = Release|x64
		{7ADD3955-5824-444A-9B56-97A4A7C06839}.Release|x86.ActiveCfg = Release|Win32
		{7ADD3955-5824-444A-9B56-97A4A7C06839}.Release|x86.Build.0 = Release|Win32
		{A41B1820-79E5-4227-A82E-0DDCEEF49219}.Debug|Any CPU.ActiveCfg = Debug|Win32
		{A41B1820-79E5-4227-A82E-0DDCEEF49219}.Debug|x64.ActiveCfg = Debug|x64
		{A41B1820-79E5-4227-A82E-0DDCEEF49219}.Debug|x64.Build.0 = Debug|x64
		{A41B1820-79E5-4227-A82E-0DDCEEF49219}.Debug|x86.ActiveCfg = Debug|Win32
		{A41B1820-79E5-4227-A82E-0DDCEEF49219}.Debug|x86.Build.0 = Debug|Win32
		{A41B1820-79E5-4227-A82E-0DDCEEF49219}.Release|Any CPU.ActiveCfg = Release|Win32
		{A41B1820-79E5-4227-A82E-0DDCEEF49219}.Release|x64.ActiveCfg = Release|x64
		{A41B1820-79E5-4227-A82E-0DDCEEF49219}.Release|x64.Build.0 = Release|x64
		{A41B1820-79E5-4227-A82E-0DDCEEF49219}.Release|x86.ActiveCfg = Release|Win32
		{A41B1820-79E5-4227-A82E-0DDCEEF49219}.Release|x86.Build.0 = Release|Win32
		{317C523F-3C8D-4217-90E8-46FF142BE9DA}.Debug|Any CPU.ActiveCfg = Debug|Win32
		{317C523F-3C8D-4217-90E8-46FF142BE9DA}.Debug|x64.ActiveCfg = Debug|x64
		{317C523F-3C8D-4217-90E8-46FF142BE9DA}.Debug|x64.Build.0 = Debug|x64
		{317C523F-3C8D-4217-90E8-46FF142BE9DA}.Debug|x86.ActiveCfg = Debug|Win32
		{317C523F-3C8D-4217-90E8-46FF142BE9DA}.Debug|x86.Build.0 = Debug|Win32
		{317C523F-3C8D-4217-90E8-46FF142BE9DA}.Release|Any CPU.ActiveCfg = Release|Win32
		{317C523F-3C8D-4217-90E8-46FF142BE9DA}.Release|x64.ActiveCfg = Release|x64
		{317C523F-3C8D-4217-90E8-46FF142BE9DA}.Release|x64.Build.0 = Release|x64
		{317C523F-3C8D-4217-90E8-46FF142BE9DA}.Release|x86.ActiveCfg = Release|Win32
		{317C523F-3C8D-4217-90E8-46FF142BE9DA}.Release|x86.Build.0 = Release|Win32
		{946B6E07-E246-4F8A-A8A1-5BA577616E8F}.Debug|Any CPU.ActiveCfg = Debug|Win32
		{946B6E07-E246-4F8A-A8A1-5BA577616E8F}.Debug|x64.ActiveCfg = Debug|x64
		{946B6E07-E246-4F8A-A8A1-5BA577616E8F}.Debug|x64.Build.0 = Debug|x64
		{946B6E07-E246-4F8A-A8A1-5BA577616E8F}.Debug|x86.ActiveCfg = Debug|Win32
		{946B6E07-E246-4F8A-A8A1-5BA577616E8F}.Debug|x86.Build.0 = Debug|Win32
		{946B6E07-E246-4F8A-A8A1-5BA577616E8F}.Release|Any CPU.ActiveCfg = Release|Win32
		{946B6E07-E246-4F8A-A8A1-5BA577616E8F}.Release|x64.ActiveCfg = Release|x64
		{946B6E07-E246-4F8A-A8A1-5BA577616E8F}.Release|x64.Build.0 = Release|x64
		{946B6E07-E246-4F8A-A8A1-5BA577616E8F}.Release|x86.ActiveCfg = Release|Win32
		{946B6E07-E246-4F8A-A8A1-5BA577616E8F}.Release|x86.Build.0 = Release|Win32
		{12D6508E-4EA1-4CC9-A7EE-8EB100E22D2B}.Debug|Any CPU.ActiveCfg = Debug|Win32
		{12D6508E-4EA1-4CC9-A7EE-8EB100E22D2B}.Debug|x64.ActiveCfg = Debug|x64
		{12D6508E-4EA1-4CC9-A7EE-8EB100E22D2B}.Debug|x64.Build.0 = Debug|x64
		{12D6508E-4EA1-4CC9-A7EE-8EB100E22D2B}.Debug|x86.ActiveCfg = Debug|Win32
		{12D6508E-4EA1-4CC9-A7EE-8EB100E22D2B}.Debug|x86.Build.0 = Debug|Win32
		{12D6508E-4EA1-4CC9-A7EE-8EB100E22D2B}.Release|Any CPU.ActiveCfg = Release|Win32
		{12D6508E-4EA1-4CC9-A7EE-8EB100E22D2B}.Release|x64.ActiveCfg = Release|x64
		{12D6508E-4EA1-4CC9-A7EE-8EB100E22D2B}.Release|x64.Build.0 = Release|x64
		{12D6508E-4EA1-4CC9-A7EE-8EB100E22D2B}.Release|x86.ActiveCfg = Release|Win32
		{12D6508E-4EA1-4CC9-A7EE-8EB100E22D2B}.Release|x86.Build.0 = Release|Win32
		{8C58DFB7-13D0-4905-BA6D-C86060241E6B}.Debug|Any CPU.ActiveCfg = Debug|Win32
		{8C58DFB7-13D0-4905-BA6D-C86060241E6B}.Debug|x64.ActiveCfg = Debug|x64
		{8C58DFB7-13D0-4905-BA6D-C86060241E6B}.Debug|x64.Build.0 = Debug|x64
		{8C58DFB7-13D0-4905-BA6D-C86060241E6B}.Debug|x86.ActiveCfg = Debug|Win32
		{8C58DFB7-13D0-4905-BA6D-C86060241E6B}.Debug|x86.Build.0 = Debug|Win32
		{8C58DFB7-13D0-4905-BA6D-C86060241E6B}.Release|Any CPU.ActiveCfg = Release|Win32
		{8C58DFB7-13D0-4905-BA6D-C86060241E6B}.Release|x64.ActiveCfg = Release|x64
		{8C58DFB7-13D0-4905-BA6D-C86060241E6B}.Release|x64.Build.0 = Release|x64
		{8C58DFB7-13D0-4905-BA6D-C86060241E6B}.Release|x86.ActiveCfg = Release|Win32
		{8C58DFB7-13D0-4905-BA6D-C86060241E6B}.Release|x86.Build.0 = Release|Win32
		{204D51DC-CB5D-4BF0-94F4-07F7CD6B489A}.Debug|Any CPU.ActiveCfg = Debug|Win32
		{204D51DC-CB5D-4BF0-94F4-07F7CD6B489A}.Debug|x64.ActiveCfg = Debug|x64
		{204D51DC-CB5D-4BF0-94F4-07F7CD6B489A}.Debug|x64.Build.0 = Debug|x64
		{204D51DC-CB5D-4BF0-94F4-07F7CD6B489A}.Debug|x86.ActiveCfg = Debug|Win32
		{204D51DC-CB5D-4BF0-94F4-07F7CD6B489A}.Debug|x86.Build.0 = Debug|Win32
		{204D51DC-CB5D-4BF0-94F4-07F7CD6B489A}.Release|Any CPU.ActiveCfg = Release|Win32
		{204D51DC-CB5D-4BF0-94F4-07F7CD6B489A}.Release|x64.ActiveCfg = Release|x64
		{204D51DC-CB5D-4BF0-94F4-07F7CD6B489A}.Release|x64.Build.0 = Release|x64
		{204D51DC-CB5D-4BF0-94F4-07F7CD6B489A}.Release|x86.ActiveCfg = Release|Win32
		{204D51DC-CB5D-4BF0-94F4-07F7CD6B489A}.Release|x86.Build.0 = Release|Win32
		{7ACA60DB-F6CC-4043-B30D-D7D0733892D2}.Debug|Any CPU.ActiveCfg = Debug|Win32
		{7ACA60DB-F6CC-4043-B30D-D7D0733892D2}.Debug|x64.ActiveCfg = Debug|x64
		{7ACA60DB-F6CC-4043-B30D-D7D0733892D2}.Debug|x64.Build.0 = Debug|x64
		{7ACA60DB-F6CC-4043-B30D-D7D0733892D2}.Debug|x86.ActiveCfg = Debug|Win32
		{7ACA60DB-F6CC-4043-B30D-D7D0733892D2}.Debug|x86.Build.0 = Debug|Win32
		{7ACA60DB-F6CC-4043-B30D-D7D0733892D2}.Release|Any CPU.ActiveCfg = Release|Win32
		{7ACA60DB-F6CC-4043-B30D-D7D0733892D2}.Release|x64.ActiveCfg = Release|x64
		{7ACA60DB-F6CC-4043-B30D-D7D0733892D2}.Release|x64.Build.0 = Release|x64
		{7ACA60DB-F6CC-4043-B30D-D7D0733892D2}.Release|x86.ActiveCfg = Release|Win32
		{7ACA60DB-F6CC-4043-B30D-D7D0733892D2}.Release|x86.Build.0 = Release|Win32
		{646F1E24-4304-4F75-B011-153A92AC85CD}.Debug|Any CPU.ActiveCfg = Debug|Win32
		{646F1E24-4304-4F75-B011-153A92AC85CD}.Debug|x64.ActiveCfg = Debug|x64
		{646F1E24-4304-4F75-B011-153A92AC85CD}.Debug|x64.Build.0 = Debug|x64
		{646F1E24-4304-4F75-B011-153A92AC85CD}.Debug|x86.ActiveCfg = Debug|Win32
		{646F1E24-4304-4F75-B011-153A92AC85CD}.Debug|x86.Build.0 = Debug|Win32
		{646F1E24-4304-4F75-B011-153A92AC85CD}.Release|Any CPU.ActiveCfg = Release|Win32
		{646F1E24-4304-4F75-B011-153A92AC85CD}.Release|x64.ActiveCfg = Release|x64
		{646F1E24-4304-4F75-B011-153A92AC85CD}.Release|x64.Build.0 = Release|x64
		{646F1E24-4304-4F75-B011-153A92AC85CD}.Release|x86.ActiveCfg = Release|Win32
		{646F1E24-4304-4F75-B011-153A92AC85CD}.Release|x86.Build.0 = Release|Win32
		{9397207F-0698-444F-BD39-D7151F02F308}.Debug|Any CPU.ActiveCfg = Debug|Win32
		{9397207F-0698-444F-BD39-D7151F02F308}.Debug|x64.ActiveCfg = Debug|x64
		{9397207F-0698-444F-BD39-D7151F02F308}.Debug|x64.Build.0 = Debug|x64
		{9397207F-0698-444F-BD39-D7151F02F308}.Debug|x86.ActiveCfg = Debug|Win32
		{9397207F-0698-444F-BD39-D7151F02F308}.Debug|x86.Build.0 = Debug|Win32
		{9397207F-0698-444F-BD39-D7151F02F308}.Release|Any CPU.ActiveCfg = Release|Win32
		{9397207F-0698-444F-BD39-D7151F02F308}.Release|x64.ActiveCfg = Release|x64
		{9397207F-0698-444F-BD39-D7151F02F308}.Release|x64.Build.0 = Release|x64
		{9397207F-0698-444F-BD39-D7151F02F308}.Release|x86.ActiveCfg = Release|Win32
		{9397207F-0698-444F-BD39-D7151F02F308}.Release|x86.Build.0 = Release|Win32
		{303664C5-329F-45C5-AAB2-F3121AEEBD81}.Debug|Any CPU.ActiveCfg = Debug|Win32
		{303664C5-329F-45C5-AAB2-F3121AEEBD81}.Debug|x64.ActiveCfg = Debug|x64
		{303664C5-329F-45C5-AAB2-F3121AEEBD81}.Debug|x64.Build.0 = Debug|x64
		{303664C5-329F-45C5-AAB2-F3121AEEBD81}.Debug|x86.ActiveCfg = Debug|Win32
		{303664C5-329F-45C5-AAB2-F3121AEEBD81}.Debug|x86.Build.0 = Debug|Win32
		{303664C5-329F-45C5-AAB2-F3121AEEBD81}.Release|Any CPU.ActiveCfg = Release|Win32
		{303664C5-329F-45C5-AAB2-F3121AEEBD81}.Release|x64.ActiveCfg = Release|x64
		{303664C5-329F-45C5-AAB2-F3121AEEBD81}.Release|x64.Build.0 = Release|x64
		{303664C5-329F-45C5-AAB2-F3121AEEBD81}.Release|x86.ActiveCfg = Release|Win32
		{303664C5-329F-45C5-AAB2-F3121AEEBD81}.Release|x86.Build.0 = Release|Win32
		{0743F9E7-223A-4515-BCC7-9279B9BF7799}.Debug|Any CPU.ActiveCfg = Debug|Win32
		{0743F9E7-223A-4515-BCC7-9279B9BF7799}.Debug|x64.ActiveCfg = Debug|x64
		{0743F9E7-223A-4515-BCC7-9279B9BF7799}.Debug|x64.Build.0 = Debug|x64
		{0743F9E7-223A-4515-BCC7-9279B9BF7799}.Debug|x86.ActiveCfg = Debug|Win32
		{0743F9E7-223A-4515-BCC7-9279B9BF7799}.Debug|x86.Build.0 = Debug|Win32
		{0743F9E7-223A-4515-BCC7-9279B9BF7799}.Release|Any CPU.ActiveCfg = Release|Win32
		{0743F9E7-223A-4515-BCC7-9279B9BF7799}.Release|x64.ActiveCfg = Release|x64
		{0743F9E7-223A-4515-BCC7-9279B9BF7799}.Release|x64.Build.0 = Release|x64
		{0743F9E7-223A-4515-BCC7-9279B9BF7799}.Release|x86.ActiveCfg = Release|Win32
		{0743F9E7-223A-4515-BCC7-9279B9BF7799}.Release|x86.Build.0 = Release|Win32
		{43ACF816-7BD1-4B23-8C7F-DE9C93E89E1D}.Debug|Any CPU.ActiveCfg = Debug|Win32
		{43ACF816-7BD1-4B23-8C7F-DE9C93E89E1D}.Debug|x64.ActiveCfg = Debug|x64
		{43ACF816-7BD1-4B23-8C7F-DE9C93E89E1D}.Debug|x64.Build.0 = Debug|x64
		{43ACF816-7BD1-4B23-8C7F-DE9C93E89E1D}.Debug|x86.ActiveCfg = Debug|Win32
		{43ACF816-7BD1-4B23-8C7F-DE9C93E89E1D}.Debug|x86.Build.0 = Debug|Win32
		{43ACF816-7BD1-4B23-8C7F-DE9C93E89E1D}.Release|Any CPU.ActiveCfg = Release|Win32
		{43ACF816-7BD1-4B23-8C7F-DE9C93E89E1D}.Release|x64.ActiveCfg = Release|x64
		{43ACF816-7BD1-4B23-8C7F-DE9C93E89E1D}.Release|x64.Build.0 = Release|x64
		{43ACF816-7BD1-4B23-8C7F-DE9C93E89E1D}.Release|x86.ActiveCfg = Release|Win32
		{43ACF816-7BD1-4B23-8C7F-DE9C93E89E1D}.Release|x86.Build.0 = Release|Win32
		{F93BACF1-D04D-4CF7-8276-05CC2E4D22FF}.Debug|Any CPU.ActiveCfg = Debug|Win32
		{F93BACF1-D04D-4CF7-8276-05CC2E4D22FF}.Debug|x64.ActiveCfg = Debug|x64
		{F93BACF1-D04D-4CF7-8276-05CC2E4D22FF}.Debug|x64.Build.0 = Debug|x64
		{F93BACF1-D04D-4CF7-8276-05CC2E4D22FF}.Debug|x86.ActiveCfg = Debug|Win32
		{F93BACF1-D04D-4CF7-8276-05CC2E4D22FF}.Debug|x86.Build.0 = Debug|Win32
		{F93BACF1-D04D-4CF7-8276-05CC2E4D22FF}.Release|Any CPU.ActiveCfg = Release|Win32
		{F93BACF1-D04D-4CF7-8276-05CC2E4D22FF}.Release|x64.ActiveCfg = Release|x64
		{F93BACF1-D04D-4CF7-8276-05CC2E4D22FF}.Release|x64.Build.0 = Release|x64
		{F93BACF1-D04D-4CF7-8276-05CC2E4D22FF}.Release|x86.ActiveCfg = Release|Win32
		{F93BACF1-D04D-4CF7-8276-05CC2E4D22FF}.Release|x86.Build.0 = Release|Win32
		{47296FC5-94AB-4EB0-8570-0B5F7DC0D1E2}.Debug|Any CPU.ActiveCfg = Debug|Win32
		{47296FC5-94AB-4EB0-8570-0B5F7DC0D1E2}.Debug|x64.ActiveCfg = Debug|x64
		{47296FC5-94AB-4EB0-8570-0B5F7DC0D1E2}.Debug|x64.Build.0 = Debug|x64
		{47296FC5-94AB-4EB0-8570-0B5F7DC0D1E2}.Debug|x86.ActiveCfg = Debug|Win32
		{47296FC5-94AB-4EB0-8570-0B5F7DC0D1E2}.Debug|x86.Build.0 = Debug|Win32
		{47296FC5-94AB-4EB0-8570-0B5F7DC0D1E2}.Release|Any CPU.ActiveCfg = Release|Win32
		{47296FC5-94AB-4EB0-8570-0B5F7DC0D1E2}.Release|x64.ActiveCfg = Release|x64
		{47296FC5-94AB-4EB0-8570-0B5F7DC0D1E2}.Release|x64.Build.0 = Release|x64
		{47296FC5-94AB-4EB0-8570-0B5F7DC0D1E2}.Release|x86.ActiveCfg = Release|Win32
		{47296FC5-94AB-4EB0-8570-0B5F7DC0D1E2}.Release|x86.Build.0 = Release|Win32
		{DA6A23A1-0B8B-4030-9B72-9324E593489F}.Debug|Any CPU.ActiveCfg = Debug|Win32
		{DA6A23A1-0B8B-4030-9B72-9324E593489F}.Debug|x64.ActiveCfg = Debug|x64
		{DA6A23A1-0B8B-4030-9B72-9324E593489F}.Debug|x64.Build.0 = Debug|x64
		{DA6A23A1-0B8B-4030-9B72-9324E593489F}.Debug|x86.ActiveCfg = Debug|Win32
		{DA6A23A1-0B8B-4030-9B72-9324E593489F}.Debug|x86.Build.0 = Debug|Win32
		{DA6A23A1-0B8B-4030-9B72-9324E593489F}.Release|Any CPU.ActiveCfg = Release|Win32
		{DA6A23A1-0B8B-4030-9B72-9324E593489F}.Release|x64.ActiveCfg = Release|x64
		{DA6A23A1-0B8B-4030-9B72-9324E593489F}.Release|x64.Build.0 = Release|x64
		{DA6A23A1-0B8B-4030-9B72-9324E593489F}.Release|x86.ActiveCfg = Release|Win32
		{DA6A23A1-0B8B-4030-9B72-9324E593489F}.Release|x86.Build.0 = Release|Win32
		{8982C3B9-5A0F-491E-875C-B85713743946}.Debug|Any CPU.ActiveCfg = Debug|Win32
		{8982C3B9-5A0F-491E-875C-B85713743946}.Debug|x64.ActiveCfg = Debug|x64
		{8982C3B9-5A0F-491E-875C-B85713743946}.Debug|x64.Build.0 = Debug|x64
		{8982C3B9-5A0F-491E-875C-B85713743946}.Debug|x86.ActiveCfg = Debug|Win32
		{8982C3B9-5A0F-491E-875C-B85713743946}.Debug|x86.Build.0 = Debug|Win32
		{8982C3B9-5A0F-491E-875C-B85713743946}.Release|Any CPU.ActiveCfg = Release|Win32
		{8982C3B9-5A0F-491E-875C-B85713743946}.Release|x64.ActiveCfg = Release|x64
		{8982C3B9-5A0F-491E-875C-B85713743946}.Release|x64.Build.0 = Release|x64
		{8982C3B9-5A0F-491E-875C-B85713743946}.Release|x86.ActiveCfg = Release|Win32
		{8982C3B9-5A0F-491E-875C-B85713743946}.Release|x86.Build.0 = Release|Win32
		{12714517-2C72-433F-88BA-24894E23CE93}.Debug|Any CPU.ActiveCfg = Debug|Win32
		{12714517-2C72-433F-88BA-24894E23CE93}.Debug|x64.ActiveCfg = Debug|x64
		{12714517-2C72-433F-88BA-24894E23CE93}.Debug|x64.Build.0 = Debug|x64
		{12714517-2C72-433F-88BA-24894E23CE93}.Debug|x86.ActiveCfg = Debug|Win32
		{12714517-2C72-433F-88BA-24894E23CE93}.Debug|x86.Build.0 = Debug|Win32
		{12714517-2C72-433F-88BA-24894E23CE93}.Release|Any CPU.ActiveCfg = Release|Win32
		{12714517-2C72-433F-88BA-24894E23CE93}.Release|x64.ActiveCfg = Release|x64
		{12714517-2C72-433F-88BA-24894E23CE93}.Release|x64.Build.0 = Release|x64
		{12714517-2C72-433F-88BA-24894E23CE93}.Release|x86.ActiveCfg = Release|Win32
		{12714517-2C72-433F-88BA-24894E23CE93}.Release|x86.Build.0 = Release|Win32
		{45D1F11F-FF32-41C3-BA32-8F671DB9C9DE}.Debug|Any CPU.ActiveCfg = Debug|Win32
		{45D1F11F-FF32-41C3-BA32-8F671DB9C9DE}.Debug|x64.ActiveCfg = Debug|x64
		{45D1F11F-FF32-41C3-BA32-8F671DB9C9DE}.Debug|x64.Build.0 = Debug|x64
		{45D1F11F-FF32-41C3-BA32-8F671DB9C9DE}.Debug|x86.ActiveCfg = Debug|Win32
		{45D1F11F-FF32-41C3-BA32-8F671DB9C9DE}.Debug|x86.Build.0 = Debug|Win32
		{45D1F11F-FF32-41C3-BA32-8F671DB9C9DE}.Release|Any CPU.ActiveCfg = Release|Win32
		{45D1F11F-FF32-41C3-BA32-8F671DB9C9DE}.Release|x64.ActiveCfg = Release|x64
		{45D1F11F-FF32-41C3-BA32-8F671DB9C9DE}.Release|x64.Build.0 = Release|x64
		{45D1F11F-FF32-41C3-BA32-8F671DB9C9DE}.Release|x86.ActiveCfg = Release|Win32
		{45D1F11F-FF32-41C3-BA32-8F671DB9C9DE}.Release|x86.Build.0 = Release|Win32
		{1A7AB5A9-E46F-4A30-BCEF-9CAC82BAE1F3}.Debug|Any CPU.ActiveCfg = Debug|Win32
		{1A7AB5A9-E46F-4A30-BCEF-9CAC82BAE1F3}.Debug|x64.ActiveCfg = Debug|x64
		{1A7AB5A9-E46F-4A30-BCEF-9CAC82BAE1F3}.Debug|x64.Build.0 = Debug|x64
		{1A7AB5A9-E46F-4A30-BCEF-9CAC82BAE1F3}.Debug|x86.ActiveCfg = Debug|Win32
		{1A7AB5A9-E46F-4A30-BCEF-9CAC82BAE1F3}.Debug|x86.Build.0 = Debug|Win32
		{1A7AB5A9-E46F-4A30-BCEF-9CAC82BAE1F3}.Release|Any CPU.ActiveCfg = Release|Win32
		{1A7AB5A9-E46F-4A30-BCEF-9CAC82BAE1F3}.Release|x64.ActiveCfg = Release|x64
		{1A7AB5A9-E46F-4A30-BCEF-9CAC82BAE1F3}.Release|x64.Build.0 = Release|x64
		{1A7AB5A9-E46F-4A30-BCEF-9CAC82BAE1F3}.Release|x86.ActiveCfg = Release|Win32
		{1A7AB5A9-E46F-4A30-BCEF-9CAC82BAE1F3}.Release|x86.Build.0 = Release|Win32
		{0788806C-53F7-4A88-BAB4-D87E2B6A84CB}.Debug|Any CPU.ActiveCfg = Debug|Win32
		{0788806C-53F7-4A88-BAB4-D87E2B6A84CB}.Debug|x64.ActiveCfg = Debug|x64
		{0788806C-53F7-4A88-BAB4-D87E2B6A84CB}.Debug|x64.Build.0 = Debug|x64
		{0788806C-53F7-4A88-BAB4-D87E2B6A84CB}.Debug|x86.ActiveCfg = Debug|Win32
		{0788806C-53F7-4A88-BAB4-D87E2B6A84CB}.Debug|x86.Build.0 = Debug|Win32
		{0788806C-53F7-4A88-BAB4-D87E2B6A84CB}.Release|Any CPU.ActiveCfg = Release|Win32
		{0788806C-53F7-4A88-BAB4-D87E2B6A84CB}.Release|x64.ActiveCfg = Release|x64
		{0788806C-53F7-4A88-BAB4-D87E2B6A84CB}.Release|x64.Build.0 = Release|x64
		{0788806C-53F7-4A88-BAB4-D87E2B6A84CB}.Release|x86.ActiveCfg = Release|Win32
		{0788806C-53F7-4A88-BAB4-D87E2B6A84CB}.Release|x86.Build.0 = Release|Win32
		{05771A9C-E6EA-42AE-8178-3D22837556A3}.Debug|Any CPU.ActiveCfg = Debug|Win32
		{05771A9C-E6EA-42AE-8178-3D22837556A3}.Debug|x64.ActiveCfg = Debug|x64
		{05771A9C-E6EA-42AE-8178-3D22837556A3}.Debug|x64.Build.0 = Debug|x64
		{05771A9C-E6EA-42AE-8178-3D22837556A3}.Debug|x86.ActiveCfg = Debug|Win32
		{05771A9C-E6EA-42AE-8178-3D22837556A3}.Debug|x86.Build.0 = Debug|Win32
		{05771A9C-E6EA-42AE-8178-3D22837556A3}.Release|Any CPU.ActiveCfg = Release|Win32
		{05771A9C-E6EA-42AE-8178-3D22837556A3}.Release|x64.ActiveCfg = Release|x64
		{05771A9C-E6EA-42AE-8178-3D22837556A3}.Release|x64.Build.0 = Release|x64
		{05771A9C-E6EA-42AE-8178-3D22837556A3}.Release|x86.ActiveCfg = Release|Win32
		{05771A9C-E6EA-42AE-8178-3D22837556A3}.Release|x86.Build.0 = Release|Win32
	EndGlobalSection
	GlobalSection(SolutionProperties) = preSolution
		HideSolutionNode = FALSE
	EndGlobalSection
	GlobalSection(ExtensibilityGlobals) = postSolution
		SolutionGuid = {08A92135-DDA8-430B-A1A0-CB6CAC85718C}
	EndGlobalSection
EndGlobal
